{
  "nodes": {
    "alacritty-src": {
      "flake": false,
      "locked": {
        "lastModified": 1612842776,
        "narHash": "sha256-1dGk4ORzMSUQhuKSt5Yo7rOJCJ5/folwPX2tLiu0suA=",
        "owner": "zenixls2",
        "repo": "alacritty",
        "rev": "3ed043046fc74f288d4c8fa7e4463dc201213500",
        "type": "github"
      },
      "original": {
        "owner": "zenixls2",
        "ref": "ligature",
        "repo": "alacritty",
        "type": "github"
      }
    },
    "darwin": {
      "inputs": {
        "nixpkgs": [
          "unstable"
        ]
      },
      "locked": {
        "lastModified": 1634994402,
        "narHash": "sha256-xmlCVVOYGpZoxgOqsDOVF0B0ASrnbNGVAEzID9qh2xo=",
        "owner": "LnL7",
        "repo": "nix-darwin",
        "rev": "44da835ac40dab5fd231298b59d83487382d2fab",
        "type": "github"
      },
      "original": {
        "owner": "LnL7",
        "ref": "master",
        "repo": "nix-darwin",
        "type": "github"
      }
    },
    "doom-emacs": {
      "flake": false,
      "locked": {
        "lastModified": 1638546486,
        "narHash": "sha256-R1Vw2kntEPxIdOT9xmWVcTxSt2h0S8vnpPr/x2e2zuE=",
        "owner": "hlissner",
        "repo": "doom-emacs",
        "rev": "f458f9776049fd7e9523318582feed682e7d575c",
        "type": "github"
      },
      "original": {
        "owner": "hlissner",
        "ref": "develop",
        "repo": "doom-emacs",
        "type": "github"
      }
    },
    "emacs": {
      "inputs": {
        "emacs-src": "emacs-src",
        "emacs-vterm-src": "emacs-vterm-src",
        "nixpkgs": [
          "unstable"
        ]
      },
      "locked": {
        "lastModified": 1639067492,
        "narHash": "sha256-mhAzkLnG5hl6gSwPYdGyWxJx/1PJk/lVehb5B+NBriA=",
        "owner": "shaunsingh",
        "repo": "emacs",
        "rev": "3cb1922f94400870a23823f2ae95218604e41edc",
        "type": "github"
      },
      "original": {
        "owner": "shaunsingh",
        "repo": "emacs",
        "type": "github"
      }
    },
    "emacs-src": {
      "flake": false,
      "locked": {
        "lastModified": 1639063564,
        "narHash": "sha256-NTxzOmFRfv1Uuv4RhnMXzF6P0Uy7ZQXVNtOUjjVRI78=",
        "owner": "emacs-mirror",
        "repo": "emacs",
        "rev": "26fb4168b884eeb910580c42e87efb73399019c9",
        "type": "github"
      },
      "original": {
        "owner": "emacs-mirror",
        "ref": "emacs-28",
        "repo": "emacs",
        "type": "github"
      }
    },
    "emacs-vterm-src": {
      "flake": false,
      "locked": {
        "lastModified": 1639011490,
        "narHash": "sha256-egN9sRWxUN99ExmO8ZWhYV43x0U2EUlnFAElIP3BAlc=",
        "owner": "akermu",
        "repo": "emacs-libvterm",
        "rev": "ed6e867cfab77c5a311a516d20af44f57526cfdc",
        "type": "github"
      },
      "original": {
        "owner": "akermu",
        "repo": "emacs-libvterm",
        "type": "github"
      }
    },
    "flake-compat": {
      "flake": false,
      "locked": {
        "lastModified": 1627913399,
        "narHash": "sha256-hY8g6H2KFL8ownSiFeMOjwPC8P0ueXpCVEbxgda3pko=",
        "owner": "edolstra",
        "repo": "flake-compat",
        "rev": "12c64ca55c1014cdc1b16ed5a804aa8576601ff2",
        "type": "github"
      },
      "original": {
        "owner": "edolstra",
        "repo": "flake-compat",
        "type": "github"
      }
    },
    "flake-utils": {
      "locked": {
        "lastModified": 1629481132,
        "narHash": "sha256-JHgasjPR0/J1J3DRm4KxM4zTyAj4IOJY8vIl75v/kPI=",
        "owner": "numtide",
        "repo": "flake-utils",
        "rev": "997f7efcb746a9c140ce1f13c72263189225f482",
        "type": "github"
      },
      "original": {
        "owner": "numtide",
        "repo": "flake-utils",
        "type": "github"
      }
    },
    "home-manager": {
      "inputs": {
        "nixpkgs": [
          "unstable"
        ]
      },
      "locked": {
        "lastModified": 1639246679,
        "narHash": "sha256-Jom+l4fklkb3/wxITqz5FrOd4LeL47Eg55xmxo1fY2g=",
        "owner": "nix-community",
        "repo": "home-manager",
        "rev": "0ebed30a10617bd48dd1bd0ce8697aab1b42d933",
        "type": "github"
      },
      "original": {
        "owner": "nix-community",
        "ref": "master",
        "repo": "home-manager",
        "type": "github"
      }
    },
    "neovim": {
      "inputs": {
        "flake-compat": "flake-compat",
        "neovim-flake": "neovim-flake",
        "nixpkgs": [
          "unstable"
        ]
      },
      "locked": {
        "lastModified": 1639210387,
        "narHash": "sha256-5HiroEpFRN5tG88X5ZWM7K+Pr2Q5bYmzJhgKVVbbhYg=",
        "owner": "nix-community",
        "repo": "neovim-nightly-overlay",
        "rev": "f38af8005370113e959c111ec8723450bb50f8b8",
        "type": "github"
      },
      "original": {
        "owner": "nix-community",
        "repo": "neovim-nightly-overlay",
        "type": "github"
      }
    },
    "neovim-flake": {
      "inputs": {
        "flake-utils": "flake-utils",
        "nixpkgs": [
          "neovim",
          "nixpkgs"
        ]
      },
      "locked": {
        "dir": "contrib",
        "lastModified": 1639175880,
        "narHash": "sha256-G2O/ViPfnLYCA/GriyN1HdIdU5COSCF1SVGSy1TGB+I=",
        "owner": "neovim",
        "repo": "neovim",
        "rev": "3f8703093de56254ffdbf8ef6ddbe7942af54257",
        "type": "github"
      },
      "original": {
        "dir": "contrib",
        "owner": "neovim",
        "repo": "neovim",
        "type": "github"
      }
    },
    "nixpkgs": {
      "locked": {
        "lastModified": 1639207161,
        "narHash": "sha256-BR1aYttKwEcvQTk/gERzy0IWWhkBt+by4afoZAfa+XI=",
        "owner": "NixOS",
        "repo": "nixpkgs",
        "rev": "3175a66dad6f504b3f1a1cae4b2a8520c2424d6b",
        "type": "github"
      },
      "original": {
        "id": "nixpkgs",
        "type": "indirect"
      }
    },
    "nur": {
      "locked": {
        "lastModified": 1639258961,
        "narHash": "sha256-kVs//HVtCKfnc7PK6vMBOclQpndi6PzEVfwO4glTgWg=",
        "owner": "nix-community",
        "repo": "NUR",
        "rev": "19f905529fac7ed74c81a452cb8bc5dd1eda1428",
        "type": "github"
      },
      "original": {
        "owner": "nix-community",
        "repo": "NUR",
        "type": "github"
      }
    },
    "root": {
      "inputs": {
        "alacritty-src": "alacritty-src",
        "darwin": "darwin",
        "doom-emacs": "doom-emacs",
        "emacs": "emacs",
        "home-manager": "home-manager",
        "neovim": "neovim",
        "nixpkgs": "nixpkgs",
        "nur": "nur",
        "unstable": "unstable",
        "yabai-src": "yabai-src"
      }
    },
    "unstable": {
      "locked": {
        "lastModified": 1639272654,
        "narHash": "sha256-wDeekdsheqB2IKrQw864xfYtQde3eAt25iYRkgpOIDw=",
        "owner": "nixos",
        "repo": "nixpkgs",
        "rev": "b20158068b96fed847b15d6da4465b297cd8d4be",
        "type": "github"
      },
      "original": {
        "owner": "nixos",
        "ref": "master",
        "repo": "nixpkgs",
        "type": "github"
      }
    },
    "yabai-src": {
      "flake": false,
      "locked": {
        "lastModified": 1637665005,
        "narHash": "sha256-yl5a6ESA8X4dTapXGd0D0db1rhwhuOWrjFAT1NDuygo=",
        "owner": "koekeishiya",
        "repo": "yabai",
        "rev": "5317b16d06e916f0e3844d3fe33d190e86c96ba9",
        "type": "github"
      },
      "original": {
        "owner": "koekeishiya",
        "repo": "yabai",
        "type": "github"
      }
    }
  },
  "root": "root",
  "version": 7
}
